// !$*UTF8*$!
{
	archiveVersion = 1;
	classes = {
	};
	objectVersion = 50;
	objects = {

/* Begin PBXBuildFile section */
		5B01DEE8269E9EFD0095CE0C /* View.xib in Resources */ = {isa = PBXBuildFile; fileRef = 5B01DEE7269E9EFD0095CE0C /* View.xib */; };
		5B25566A26B7590F000B4C13 /* TransactionsViewController.swift in Sources */ = {isa = PBXBuildFile; fileRef = 5B25566926B7590F000B4C13 /* TransactionsViewController.swift */; };
		5B25566B26B7590F000B4C13 /* TransactionsViewController.swift in Sources */ = {isa = PBXBuildFile; fileRef = 5B25566926B7590F000B4C13 /* TransactionsViewController.swift */; };
		5B25566D26B799FF000B4C13 /* EmptyState.xib in Resources */ = {isa = PBXBuildFile; fileRef = 5B25566C26B799FF000B4C13 /* EmptyState.xib */; };
		5B25566E26B799FF000B4C13 /* EmptyState.xib in Resources */ = {isa = PBXBuildFile; fileRef = 5B25566C26B799FF000B4C13 /* EmptyState.xib */; };
		5B29455D26A1E51A000CAAC1 /* Add.storyboard in Resources */ = {isa = PBXBuildFile; fileRef = 5BC607E3269F8C52001CA6DC /* Add.storyboard */; };
		5B29455E26A1E530000CAAC1 /* Budget.storyboard in Resources */ = {isa = PBXBuildFile; fileRef = 5BC607EA269F8D15001CA6DC /* Budget.storyboard */; };
		5B29455F26A1E537000CAAC1 /* Statistics.storyboard in Resources */ = {isa = PBXBuildFile; fileRef = 5BC607E8269F8CF0001CA6DC /* Statistics.storyboard */; };
		5B29456026A1E53E000CAAC1 /* Profile.storyboard in Resources */ = {isa = PBXBuildFile; fileRef = 5BC607E1269F8C17001CA6DC /* Profile.storyboard */; };
		5B29456126A1E543000CAAC1 /* Transactions.storyboard in Resources */ = {isa = PBXBuildFile; fileRef = 5BC607DF269F8BB8001CA6DC /* Transactions.storyboard */; };
		5B29456426A23445000CAAC1 /* Colors.xcassets in Resources */ = {isa = PBXBuildFile; fileRef = 5B29456326A23445000CAAC1 /* Colors.xcassets */; };
		5B29456526A23445000CAAC1 /* Colors.xcassets in Resources */ = {isa = PBXBuildFile; fileRef = 5B29456326A23445000CAAC1 /* Colors.xcassets */; };
		5B7AEA4126AC86D700F21003 /* OnBoardingStepsViewController.swift in Sources */ = {isa = PBXBuildFile; fileRef = 5B7AEA4026AC86D700F21003 /* OnBoardingStepsViewController.swift */; };
		5B7AEA4226AC86D700F21003 /* OnBoardingStepsViewController.swift in Sources */ = {isa = PBXBuildFile; fileRef = 5B7AEA4026AC86D700F21003 /* OnBoardingStepsViewController.swift */; };
		5B8BA99526A287FA0072A89E /* SignIn.storyboard in Resources */ = {isa = PBXBuildFile; fileRef = 5B8BA99426A287FA0072A89E /* SignIn.storyboard */; };
		5B8BA99626A287FA0072A89E /* SignIn.storyboard in Resources */ = {isa = PBXBuildFile; fileRef = 5B8BA99426A287FA0072A89E /* SignIn.storyboard */; };
		5BA5B1FC269E1AAC00FD0339 /* ViewController.swift in Sources */ = {isa = PBXBuildFile; fileRef = 5BC3B420269BEC37009C0B16 /* ViewController.swift */; };
		5BA5B1FD269E1AAC00FD0339 /* AppDelegate.swift in Sources */ = {isa = PBXBuildFile; fileRef = 5BC3B41C269BEC37009C0B16 /* AppDelegate.swift */; };
		5BA5B1FE269E1AAC00FD0339 /* SceneDelegate.swift in Sources */ = {isa = PBXBuildFile; fileRef = 5BC3B41E269BEC37009C0B16 /* SceneDelegate.swift */; };
		5BA5B201269E1AAC00FD0339 /* LaunchScreen.storyboard in Resources */ = {isa = PBXBuildFile; fileRef = 5BC3B427269BEC39009C0B16 /* LaunchScreen.storyboard */; };
		5BA5B202269E1AAC00FD0339 /* Assets.xcassets in Resources */ = {isa = PBXBuildFile; fileRef = 5BC3B425269BEC39009C0B16 /* Assets.xcassets */; };
		5BA5B203269E1AAC00FD0339 /* Main.storyboard in Resources */ = {isa = PBXBuildFile; fileRef = 5BC3B422269BEC37009C0B16 /* Main.storyboard */; };
		5BA5B209269E1B4700FD0339 /* Production.plist in Resources */ = {isa = PBXBuildFile; fileRef = 5BA5B208269E1B4700FD0339 /* Production.plist */; };
		5BA92E6D26A3A35300CF6E6A /* Shadow.swift in Sources */ = {isa = PBXBuildFile; fileRef = 5BA92E6C26A3A35300CF6E6A /* Shadow.swift */; };
		5BA92E6E26A3A35300CF6E6A /* Shadow.swift in Sources */ = {isa = PBXBuildFile; fileRef = 5BA92E6C26A3A35300CF6E6A /* Shadow.swift */; };
		5BAA86C226A91C35003D4E48 /* OnBoarding.storyboard in Resources */ = {isa = PBXBuildFile; fileRef = 5BAA86C126A91C35003D4E48 /* OnBoarding.storyboard */; };
		5BAA86C326A91C35003D4E48 /* OnBoarding.storyboard in Resources */ = {isa = PBXBuildFile; fileRef = 5BAA86C126A91C35003D4E48 /* OnBoarding.storyboard */; };
		5BAA86C526A92CF0003D4E48 /* OnBoardingContainerViewController.swift in Sources */ = {isa = PBXBuildFile; fileRef = 5BAA86C426A92CF0003D4E48 /* OnBoardingContainerViewController.swift */; };
		5BAA86C626A92CF0003D4E48 /* OnBoardingContainerViewController.swift in Sources */ = {isa = PBXBuildFile; fileRef = 5BAA86C426A92CF0003D4E48 /* OnBoardingContainerViewController.swift */; };
		5BAA86C826A9344F003D4E48 /* OnBoardingViewController.swift in Sources */ = {isa = PBXBuildFile; fileRef = 5BAA86C726A9344F003D4E48 /* OnBoardingViewController.swift */; };
		5BAA86C926A9344F003D4E48 /* OnBoardingViewController.swift in Sources */ = {isa = PBXBuildFile; fileRef = 5BAA86C726A9344F003D4E48 /* OnBoardingViewController.swift */; };
		5BC3B41D269BEC37009C0B16 /* AppDelegate.swift in Sources */ = {isa = PBXBuildFile; fileRef = 5BC3B41C269BEC37009C0B16 /* AppDelegate.swift */; };
		5BC3B41F269BEC37009C0B16 /* SceneDelegate.swift in Sources */ = {isa = PBXBuildFile; fileRef = 5BC3B41E269BEC37009C0B16 /* SceneDelegate.swift */; };
		5BC3B421269BEC37009C0B16 /* ViewController.swift in Sources */ = {isa = PBXBuildFile; fileRef = 5BC3B420269BEC37009C0B16 /* ViewController.swift */; };
		5BC3B424269BEC37009C0B16 /* Main.storyboard in Resources */ = {isa = PBXBuildFile; fileRef = 5BC3B422269BEC37009C0B16 /* Main.storyboard */; };
		5BC3B426269BEC39009C0B16 /* Assets.xcassets in Resources */ = {isa = PBXBuildFile; fileRef = 5BC3B425269BEC39009C0B16 /* Assets.xcassets */; };
		5BC3B429269BEC39009C0B16 /* LaunchScreen.storyboard in Resources */ = {isa = PBXBuildFile; fileRef = 5BC3B427269BEC39009C0B16 /* LaunchScreen.storyboard */; };
		5BC3B434269BEC39009C0B16 /* myWalletTests.swift in Sources */ = {isa = PBXBuildFile; fileRef = 5BC3B433269BEC39009C0B16 /* myWalletTests.swift */; };
		5BC3B43F269BEC39009C0B16 /* myWalletUITests.swift in Sources */ = {isa = PBXBuildFile; fileRef = 5BC3B43E269BEC39009C0B16 /* myWalletUITests.swift */; };
		5BC607E0269F8BB8001CA6DC /* Transactions.storyboard in Resources */ = {isa = PBXBuildFile; fileRef = 5BC607DF269F8BB8001CA6DC /* Transactions.storyboard */; };
		5BC607E2269F8C17001CA6DC /* Profile.storyboard in Resources */ = {isa = PBXBuildFile; fileRef = 5BC607E1269F8C17001CA6DC /* Profile.storyboard */; };
		5BC607E4269F8C52001CA6DC /* Add.storyboard in Resources */ = {isa = PBXBuildFile; fileRef = 5BC607E3269F8C52001CA6DC /* Add.storyboard */; };
		5BC607E9269F8CF0001CA6DC /* Statistics.storyboard in Resources */ = {isa = PBXBuildFile; fileRef = 5BC607E8269F8CF0001CA6DC /* Statistics.storyboard */; };
		5BC607EB269F8D15001CA6DC /* Budget.storyboard in Resources */ = {isa = PBXBuildFile; fileRef = 5BC607EA269F8D15001CA6DC /* Budget.storyboard */; };
/* End PBXBuildFile section */

/* Begin PBXContainerItemProxy section */
		5BC3B430269BEC39009C0B16 /* PBXContainerItemProxy */ = {
			isa = PBXContainerItemProxy;
			containerPortal = 5BC3B411269BEC37009C0B16 /* Project object */;
			proxyType = 1;
			remoteGlobalIDString = 5BC3B418269BEC37009C0B16;
			remoteInfo = myWallet;
		};
		5BC3B43B269BEC39009C0B16 /* PBXContainerItemProxy */ = {
			isa = PBXContainerItemProxy;
			containerPortal = 5BC3B411269BEC37009C0B16 /* Project object */;
			proxyType = 1;
			remoteGlobalIDString = 5BC3B418269BEC37009C0B16;
			remoteInfo = myWallet;
		};
/* End PBXContainerItemProxy section */

/* Begin PBXFileReference section */
		5B01DEE7269E9EFD0095CE0C /* View.xib */ = {isa = PBXFileReference; lastKnownFileType = file.xib; path = View.xib; sourceTree = "<group>"; };
		5B25566926B7590F000B4C13 /* TransactionsViewController.swift */ = {isa = PBXFileReference; lastKnownFileType = sourcecode.swift; path = TransactionsViewController.swift; sourceTree = "<group>"; };
		5B25566C26B799FF000B4C13 /* EmptyState.xib */ = {isa = PBXFileReference; lastKnownFileType = file.xib; path = EmptyState.xib; sourceTree = "<group>"; };
		5B29456326A23445000CAAC1 /* Colors.xcassets */ = {isa = PBXFileReference; lastKnownFileType = folder.assetcatalog; path = Colors.xcassets; sourceTree = "<group>"; };
		5B7AEA4026AC86D700F21003 /* OnBoardingStepsViewController.swift */ = {isa = PBXFileReference; lastKnownFileType = sourcecode.swift; path = OnBoardingStepsViewController.swift; sourceTree = "<group>"; };
		5B8BA99426A287FA0072A89E /* SignIn.storyboard */ = {isa = PBXFileReference; fileEncoding = 4; lastKnownFileType = file.storyboard; path = SignIn.storyboard; sourceTree = "<group>"; };
		5BA5B207269E1AAC00FD0339 /* Production.app */ = {isa = PBXFileReference; explicitFileType = wrapper.application; includeInIndex = 0; path = Production.app; sourceTree = BUILT_PRODUCTS_DIR; };
		5BA5B208269E1B4700FD0339 /* Production.plist */ = {isa = PBXFileReference; lastKnownFileType = text.plist.xml; path = Production.plist; sourceTree = "<group>"; };
		5BA92E6C26A3A35300CF6E6A /* Shadow.swift */ = {isa = PBXFileReference; lastKnownFileType = sourcecode.swift; path = Shadow.swift; sourceTree = "<group>"; };
		5BAA86C126A91C35003D4E48 /* OnBoarding.storyboard */ = {isa = PBXFileReference; lastKnownFileType = file.storyboard; path = OnBoarding.storyboard; sourceTree = "<group>"; };
		5BAA86C426A92CF0003D4E48 /* OnBoardingContainerViewController.swift */ = {isa = PBXFileReference; lastKnownFileType = sourcecode.swift; path = OnBoardingContainerViewController.swift; sourceTree = "<group>"; };
		5BAA86C726A9344F003D4E48 /* OnBoardingViewController.swift */ = {isa = PBXFileReference; lastKnownFileType = sourcecode.swift; path = OnBoardingViewController.swift; sourceTree = "<group>"; };
		5BC3B419269BEC37009C0B16 /* myWallet.app */ = {isa = PBXFileReference; explicitFileType = wrapper.application; includeInIndex = 0; path = myWallet.app; sourceTree = BUILT_PRODUCTS_DIR; };
		5BC3B41C269BEC37009C0B16 /* AppDelegate.swift */ = {isa = PBXFileReference; lastKnownFileType = sourcecode.swift; path = AppDelegate.swift; sourceTree = "<group>"; };
		5BC3B41E269BEC37009C0B16 /* SceneDelegate.swift */ = {isa = PBXFileReference; lastKnownFileType = sourcecode.swift; path = SceneDelegate.swift; sourceTree = "<group>"; };
		5BC3B420269BEC37009C0B16 /* ViewController.swift */ = {isa = PBXFileReference; lastKnownFileType = sourcecode.swift; path = ViewController.swift; sourceTree = "<group>"; };
		5BC3B423269BEC37009C0B16 /* Base */ = {isa = PBXFileReference; lastKnownFileType = file.storyboard; name = Base; path = Base.lproj/Main.storyboard; sourceTree = "<group>"; };
		5BC3B425269BEC39009C0B16 /* Assets.xcassets */ = {isa = PBXFileReference; lastKnownFileType = folder.assetcatalog; path = Assets.xcassets; sourceTree = "<group>"; };
		5BC3B428269BEC39009C0B16 /* Base */ = {isa = PBXFileReference; lastKnownFileType = file.storyboard; name = Base; path = Base.lproj/LaunchScreen.storyboard; sourceTree = "<group>"; };
		5BC3B42A269BEC39009C0B16 /* Info.plist */ = {isa = PBXFileReference; lastKnownFileType = text.plist.xml; path = Info.plist; sourceTree = "<group>"; };
		5BC3B42F269BEC39009C0B16 /* myWalletTests.xctest */ = {isa = PBXFileReference; explicitFileType = wrapper.cfbundle; includeInIndex = 0; path = myWalletTests.xctest; sourceTree = BUILT_PRODUCTS_DIR; };
		5BC3B433269BEC39009C0B16 /* myWalletTests.swift */ = {isa = PBXFileReference; lastKnownFileType = sourcecode.swift; path = myWalletTests.swift; sourceTree = "<group>"; };
		5BC3B435269BEC39009C0B16 /* Info.plist */ = {isa = PBXFileReference; lastKnownFileType = text.plist.xml; path = Info.plist; sourceTree = "<group>"; };
		5BC3B43A269BEC39009C0B16 /* myWalletUITests.xctest */ = {isa = PBXFileReference; explicitFileType = wrapper.cfbundle; includeInIndex = 0; path = myWalletUITests.xctest; sourceTree = BUILT_PRODUCTS_DIR; };
		5BC3B43E269BEC39009C0B16 /* myWalletUITests.swift */ = {isa = PBXFileReference; lastKnownFileType = sourcecode.swift; path = myWalletUITests.swift; sourceTree = "<group>"; };
		5BC3B440269BEC39009C0B16 /* Info.plist */ = {isa = PBXFileReference; lastKnownFileType = text.plist.xml; path = Info.plist; sourceTree = "<group>"; };
		5BC3B46B269BF9B8009C0B16 /* MapKit.framework */ = {isa = PBXFileReference; lastKnownFileType = wrapper.framework; name = MapKit.framework; path = System/Library/Frameworks/MapKit.framework; sourceTree = SDKROOT; };
		5BC607DF269F8BB8001CA6DC /* Transactions.storyboard */ = {isa = PBXFileReference; fileEncoding = 4; lastKnownFileType = file.storyboard; path = Transactions.storyboard; sourceTree = "<group>"; };
		5BC607E1269F8C17001CA6DC /* Profile.storyboard */ = {isa = PBXFileReference; fileEncoding = 4; lastKnownFileType = file.storyboard; path = Profile.storyboard; sourceTree = "<group>"; };
		5BC607E3269F8C52001CA6DC /* Add.storyboard */ = {isa = PBXFileReference; fileEncoding = 4; lastKnownFileType = file.storyboard; path = Add.storyboard; sourceTree = "<group>"; };
		5BC607E8269F8CF0001CA6DC /* Statistics.storyboard */ = {isa = PBXFileReference; fileEncoding = 4; lastKnownFileType = file.storyboard; path = Statistics.storyboard; sourceTree = "<group>"; };
		5BC607EA269F8D15001CA6DC /* Budget.storyboard */ = {isa = PBXFileReference; fileEncoding = 4; lastKnownFileType = file.storyboard; path = Budget.storyboard; sourceTree = "<group>"; };
/* End PBXFileReference section */

/* Begin PBXFrameworksBuildPhase section */
		5BA5B1FF269E1AAC00FD0339 /* Frameworks */ = {
			isa = PBXFrameworksBuildPhase;
			buildActionMask = 2147483647;
			files = (
			);
			runOnlyForDeploymentPostprocessing = 0;
		};
		5BC3B416269BEC37009C0B16 /* Frameworks */ = {
			isa = PBXFrameworksBuildPhase;
			buildActionMask = 2147483647;
			files = (
			);
			runOnlyForDeploymentPostprocessing = 0;
		};
		5BC3B42C269BEC39009C0B16 /* Frameworks */ = {
			isa = PBXFrameworksBuildPhase;
			buildActionMask = 2147483647;
			files = (
			);
			runOnlyForDeploymentPostprocessing = 0;
		};
		5BC3B437269BEC39009C0B16 /* Frameworks */ = {
			isa = PBXFrameworksBuildPhase;
			buildActionMask = 2147483647;
			files = (
			);
			runOnlyForDeploymentPostprocessing = 0;
		};
/* End PBXFrameworksBuildPhase section */

/* Begin PBXGroup section */
		5B29455726A1E27A000CAAC1 /* Statistics */ = {
			isa = PBXGroup;
			children = (
				5BC607E8269F8CF0001CA6DC /* Statistics.storyboard */,
			);
			path = Statistics;
			sourceTree = "<group>";
		};
		5B29455826A1E2A0000CAAC1 /* Add */ = {
			isa = PBXGroup;
			children = (
				5BC607E3269F8C52001CA6DC /* Add.storyboard */,
			);
			path = Add;
			sourceTree = "<group>";
		};
		5B29455926A1E2BF000CAAC1 /* Budget */ = {
			isa = PBXGroup;
			children = (
				5BC607EA269F8D15001CA6DC /* Budget.storyboard */,
			);
			path = Budget;
			sourceTree = "<group>";
		};
		5B29456226A2342D000CAAC1 /* Colors */ = {
			isa = PBXGroup;
			children = (
				5B29456326A23445000CAAC1 /* Colors.xcassets */,
			);
			path = Colors;
			sourceTree = "<group>";
		};
		5BA5B20A269E1FFE00FD0339 /* Resources */ = {
			isa = PBXGroup;
			children = (
				5B29456226A2342D000CAAC1 /* Colors */,
				5BA5B20B269E200F00FD0339 /* Images */,
			);
			path = Resources;
			sourceTree = "<group>";
		};
		5BA5B20B269E200F00FD0339 /* Images */ = {
			isa = PBXGroup;
			children = (
				5BC3B425269BEC39009C0B16 /* Assets.xcassets */,
			);
			path = Images;
			sourceTree = "<group>";
		};
		5BA5B20C269E203C00FD0339 /* Authentication */ = {
			isa = PBXGroup;
			children = (
				5BAA86BE26A91C01003D4E48 /* OnBoarding */,
				5BA5B20F269E20AC00FD0339 /* SignIn */,
			);
			path = Authentication;
			sourceTree = "<group>";
		};
		5BA5B20D269E207100FD0339 /* Main */ = {
			isa = PBXGroup;
			children = (
				5BA5B212269E20DD00FD0339 /* Main */,
				5B29455926A1E2BF000CAAC1 /* Budget */,
				5B29455826A1E2A0000CAAC1 /* Add */,
				5B29455726A1E27A000CAAC1 /* Statistics */,
				5BA5B211269E20CA00FD0339 /* Profile */,
				5BA5B210269E20C000FD0339 /* Transactions */,
			);
			path = Main;
			sourceTree = "<group>";
		};
		5BA5B20F269E20AC00FD0339 /* SignIn */ = {
			isa = PBXGroup;
			children = (
				5B8BA99426A287FA0072A89E /* SignIn.storyboard */,
			);
			path = SignIn;
			sourceTree = "<group>";
		};
		5BA5B210269E20C000FD0339 /* Transactions */ = {
			isa = PBXGroup;
			children = (
				5BC607DF269F8BB8001CA6DC /* Transactions.storyboard */,
				5B25566926B7590F000B4C13 /* TransactionsViewController.swift */,
				5B25566C26B799FF000B4C13 /* EmptyState.xib */,
			);
			path = Transactions;
			sourceTree = "<group>";
		};
		5BA5B211269E20CA00FD0339 /* Profile */ = {
			isa = PBXGroup;
			children = (
				5BC607E1269F8C17001CA6DC /* Profile.storyboard */,
			);
			path = Profile;
			sourceTree = "<group>";
		};
		5BA5B212269E20DD00FD0339 /* Main */ = {
			isa = PBXGroup;
			children = (
				5BC3B422269BEC37009C0B16 /* Main.storyboard */,
				5BC3B420269BEC37009C0B16 /* ViewController.swift */,
				5B01DEE7269E9EFD0095CE0C /* View.xib */,
			);
			path = Main;
			sourceTree = "<group>";
		};
		5BA92E6B26A3A32D00CF6E6A /* Extensions */ = {
			isa = PBXGroup;
			children = (
				5BA92E6C26A3A35300CF6E6A /* Shadow.swift */,
			);
			path = Extensions;
			sourceTree = "<group>";
		};
		5BAA86BE26A91C01003D4E48 /* OnBoarding */ = {
			isa = PBXGroup;
			children = (
				5BAA86C126A91C35003D4E48 /* OnBoarding.storyboard */,
				5BAA86C426A92CF0003D4E48 /* OnBoardingContainerViewController.swift */,
				5BAA86C726A9344F003D4E48 /* OnBoardingViewController.swift */,
				5B7AEA4026AC86D700F21003 /* OnBoardingStepsViewController.swift */,
			);
			path = OnBoarding;
			sourceTree = "<group>";
		};
		5BB30B9F269E13D80097A937 /* Application */ = {
			isa = PBXGroup;
			children = (
				5BA5B20D269E207100FD0339 /* Main */,
				5BA5B20C269E203C00FD0339 /* Authentication */,
			);
			path = Application;
			sourceTree = "<group>";
		};
		5BB30BA0269E17060097A937 /* Base */ = {
			isa = PBXGroup;
			children = (
				5BC3B41C269BEC37009C0B16 /* AppDelegate.swift */,
				5BC3B42A269BEC39009C0B16 /* Info.plist */,
				5BC3B41E269BEC37009C0B16 /* SceneDelegate.swift */,
				5BA5B208269E1B4700FD0339 /* Production.plist */,
				5BC3B427269BEC39009C0B16 /* LaunchScreen.storyboard */,
			);
			path = Base;
			sourceTree = "<group>";
		};
		5BC3B410269BEC37009C0B16 = {
			isa = PBXGroup;
			children = (
				5BC3B41B269BEC37009C0B16 /* myWallet */,
				5BC3B432269BEC39009C0B16 /* myWalletTests */,
				5BC3B43D269BEC39009C0B16 /* myWalletUITests */,
				5BC3B41A269BEC37009C0B16 /* Products */,
				5BC3B46A269BF9B8009C0B16 /* Frameworks */,
			);
			sourceTree = "<group>";
		};
		5BC3B41A269BEC37009C0B16 /* Products */ = {
			isa = PBXGroup;
			children = (
				5BC3B419269BEC37009C0B16 /* myWallet.app */,
				5BC3B42F269BEC39009C0B16 /* myWalletTests.xctest */,
				5BC3B43A269BEC39009C0B16 /* myWalletUITests.xctest */,
				5BA5B207269E1AAC00FD0339 /* Production.app */,
			);
			name = Products;
			sourceTree = "<group>";
		};
		5BC3B41B269BEC37009C0B16 /* myWallet */ = {
			isa = PBXGroup;
			children = (
				5BA92E6B26A3A32D00CF6E6A /* Extensions */,
				5BA5B20A269E1FFE00FD0339 /* Resources */,
				5BB30BA0269E17060097A937 /* Base */,
				5BB30B9F269E13D80097A937 /* Application */,
			);
			path = myWallet;
			sourceTree = "<group>";
		};
		5BC3B432269BEC39009C0B16 /* myWalletTests */ = {
			isa = PBXGroup;
			children = (
				5BC3B433269BEC39009C0B16 /* myWalletTests.swift */,
				5BC3B435269BEC39009C0B16 /* Info.plist */,
			);
			path = myWalletTests;
			sourceTree = "<group>";
		};
		5BC3B43D269BEC39009C0B16 /* myWalletUITests */ = {
			isa = PBXGroup;
			children = (
				5BC3B43E269BEC39009C0B16 /* myWalletUITests.swift */,
				5BC3B440269BEC39009C0B16 /* Info.plist */,
			);
			path = myWalletUITests;
			sourceTree = "<group>";
		};
		5BC3B46A269BF9B8009C0B16 /* Frameworks */ = {
			isa = PBXGroup;
			children = (
				5BC3B46B269BF9B8009C0B16 /* MapKit.framework */,
			);
			name = Frameworks;
			sourceTree = "<group>";
		};
/* End PBXGroup section */

/* Begin PBXNativeTarget section */
		5BA5B1FA269E1AAC00FD0339 /* Production */ = {
			isa = PBXNativeTarget;
			buildConfigurationList = 5BA5B204269E1AAC00FD0339 /* Build configuration list for PBXNativeTarget "Production" */;
			buildPhases = (
				5BA5B1FB269E1AAC00FD0339 /* Sources */,
				5BA5B1FF269E1AAC00FD0339 /* Frameworks */,
				5BA5B200269E1AAC00FD0339 /* Resources */,
			);
			buildRules = (
			);
			dependencies = (
			);
			name = Production;
			productName = myWallet;
			productReference = 5BA5B207269E1AAC00FD0339 /* Production.app */;
			productType = "com.apple.product-type.application";
		};
		5BC3B418269BEC37009C0B16 /* myWallet */ = {
			isa = PBXNativeTarget;
			buildConfigurationList = 5BC3B443269BEC39009C0B16 /* Build configuration list for PBXNativeTarget "myWallet" */;
			buildPhases = (
				5BC3B415269BEC37009C0B16 /* Sources */,
				5BC3B416269BEC37009C0B16 /* Frameworks */,
				5BC3B417269BEC37009C0B16 /* Resources */,
			);
			buildRules = (
			);
			dependencies = (
			);
			name = myWallet;
			productName = myWallet;
			productReference = 5BC3B419269BEC37009C0B16 /* myWallet.app */;
			productType = "com.apple.product-type.application";
		};
		5BC3B42E269BEC39009C0B16 /* myWalletTests */ = {
			isa = PBXNativeTarget;
			buildConfigurationList = 5BC3B446269BEC39009C0B16 /* Build configuration list for PBXNativeTarget "myWalletTests" */;
			buildPhases = (
				5BC3B42B269BEC39009C0B16 /* Sources */,
				5BC3B42C269BEC39009C0B16 /* Frameworks */,
				5BC3B42D269BEC39009C0B16 /* Resources */,
			);
			buildRules = (
			);
			dependencies = (
				5BC3B431269BEC39009C0B16 /* PBXTargetDependency */,
			);
			name = myWalletTests;
			productName = myWalletTests;
			productReference = 5BC3B42F269BEC39009C0B16 /* myWalletTests.xctest */;
			productType = "com.apple.product-type.bundle.unit-test";
		};
		5BC3B439269BEC39009C0B16 /* myWalletUITests */ = {
			isa = PBXNativeTarget;
			buildConfigurationList = 5BC3B449269BEC39009C0B16 /* Build configuration list for PBXNativeTarget "myWalletUITests" */;
			buildPhases = (
				5BC3B436269BEC39009C0B16 /* Sources */,
				5BC3B437269BEC39009C0B16 /* Frameworks */,
				5BC3B438269BEC39009C0B16 /* Resources */,
			);
			buildRules = (
			);
			dependencies = (
				5BC3B43C269BEC39009C0B16 /* PBXTargetDependency */,
			);
			name = myWalletUITests;
			productName = myWalletUITests;
			productReference = 5BC3B43A269BEC39009C0B16 /* myWalletUITests.xctest */;
			productType = "com.apple.product-type.bundle.ui-testing";
		};
/* End PBXNativeTarget section */

/* Begin PBXProject section */
		5BC3B411269BEC37009C0B16 /* Project object */ = {
			isa = PBXProject;
			attributes = {
				LastSwiftUpdateCheck = 1250;
				LastUpgradeCheck = 1250;
				TargetAttributes = {
					5BC3B418269BEC37009C0B16 = {
						CreatedOnToolsVersion = 12.5;
					};
					5BC3B42E269BEC39009C0B16 = {
						CreatedOnToolsVersion = 12.5;
						TestTargetID = 5BC3B418269BEC37009C0B16;
					};
					5BC3B439269BEC39009C0B16 = {
						CreatedOnToolsVersion = 12.5;
						TestTargetID = 5BC3B418269BEC37009C0B16;
					};
				};
			};
			buildConfigurationList = 5BC3B414269BEC37009C0B16 /* Build configuration list for PBXProject "myWallet" */;
			compatibilityVersion = "Xcode 9.3";
			developmentRegion = en;
			hasScannedForEncodings = 0;
			knownRegions = (
				en,
				Base,
			);
			mainGroup = 5BC3B410269BEC37009C0B16;
			productRefGroup = 5BC3B41A269BEC37009C0B16 /* Products */;
			projectDirPath = "";
			projectRoot = "";
			targets = (
				5BC3B418269BEC37009C0B16 /* myWallet */,
				5BC3B42E269BEC39009C0B16 /* myWalletTests */,
				5BC3B439269BEC39009C0B16 /* myWalletUITests */,
				5BA5B1FA269E1AAC00FD0339 /* Production */,
			);
		};
/* End PBXProject section */

/* Begin PBXResourcesBuildPhase section */
		5BA5B200269E1AAC00FD0339 /* Resources */ = {
			isa = PBXResourcesBuildPhase;
			buildActionMask = 2147483647;
			files = (
				5BA5B201269E1AAC00FD0339 /* LaunchScreen.storyboard in Resources */,
				5B25566E26B799FF000B4C13 /* EmptyState.xib in Resources */,
				5B8BA99626A287FA0072A89E /* SignIn.storyboard in Resources */,
				5B29456526A23445000CAAC1 /* Colors.xcassets in Resources */,
				5BA5B202269E1AAC00FD0339 /* Assets.xcassets in Resources */,
				5BA5B209269E1B4700FD0339 /* Production.plist in Resources */,
				5B29455D26A1E51A000CAAC1 /* Add.storyboard in Resources */,
				5B29455E26A1E530000CAAC1 /* Budget.storyboard in Resources */,
				5B29456026A1E53E000CAAC1 /* Profile.storyboard in Resources */,
				5BA5B203269E1AAC00FD0339 /* Main.storyboard in Resources */,
				5B29455F26A1E537000CAAC1 /* Statistics.storyboard in Resources */,
				5B29456126A1E543000CAAC1 /* Transactions.storyboard in Resources */,
				5BAA86C326A91C35003D4E48 /* OnBoarding.storyboard in Resources */,
			);
			runOnlyForDeploymentPostprocessing = 0;
		};
		5BC3B417269BEC37009C0B16 /* Resources */ = {
			isa = PBXResourcesBuildPhase;
			buildActionMask = 2147483647;
			files = (
				5BC607E2269F8C17001CA6DC /* Profile.storyboard in Resources */,
				5B25566D26B799FF000B4C13 /* EmptyState.xib in Resources */,
				5B8BA99526A287FA0072A89E /* SignIn.storyboard in Resources */,
				5B01DEE8269E9EFD0095CE0C /* View.xib in Resources */,
				5B29456426A23445000CAAC1 /* Colors.xcassets in Resources */,
				5BC607EB269F8D15001CA6DC /* Budget.storyboard in Resources */,
				5BC607E4269F8C52001CA6DC /* Add.storyboard in Resources */,
				5BC3B429269BEC39009C0B16 /* LaunchScreen.storyboard in Resources */,
				5BC3B426269BEC39009C0B16 /* Assets.xcassets in Resources */,
				5BC3B424269BEC37009C0B16 /* Main.storyboard in Resources */,
				5BC607E0269F8BB8001CA6DC /* Transactions.storyboard in Resources */,
				5BC607E9269F8CF0001CA6DC /* Statistics.storyboard in Resources */,
				5BAA86C226A91C35003D4E48 /* OnBoarding.storyboard in Resources */,
			);
			runOnlyForDeploymentPostprocessing = 0;
		};
		5BC3B42D269BEC39009C0B16 /* Resources */ = {
			isa = PBXResourcesBuildPhase;
			buildActionMask = 2147483647;
			files = (
			);
			runOnlyForDeploymentPostprocessing = 0;
		};
		5BC3B438269BEC39009C0B16 /* Resources */ = {
			isa = PBXResourcesBuildPhase;
			buildActionMask = 2147483647;
			files = (
			);
			runOnlyForDeploymentPostprocessing = 0;
		};
/* End PBXResourcesBuildPhase section */

/* Begin PBXSourcesBuildPhase section */
		5BA5B1FB269E1AAC00FD0339 /* Sources */ = {
			isa = PBXSourcesBuildPhase;
			buildActionMask = 2147483647;
			files = (
				5BA5B1FC269E1AAC00FD0339 /* ViewController.swift in Sources */,
				5BA92E6E26A3A35300CF6E6A /* Shadow.swift in Sources */,
				5BAA86C626A92CF0003D4E48 /* OnBoardingContainerViewController.swift in Sources */,
				5BAA86C926A9344F003D4E48 /* OnBoardingViewController.swift in Sources */,
				5B7AEA4226AC86D700F21003 /* OnBoardingStepsViewController.swift in Sources */,
				5BA5B1FD269E1AAC00FD0339 /* AppDelegate.swift in Sources */,
				5B25566B26B7590F000B4C13 /* TransactionsViewController.swift in Sources */,
				5BA5B1FE269E1AAC00FD0339 /* SceneDelegate.swift in Sources */,
			);
			runOnlyForDeploymentPostprocessing = 0;
		};
		5BC3B415269BEC37009C0B16 /* Sources */ = {
			isa = PBXSourcesBuildPhase;
			buildActionMask = 2147483647;
			files = (
				5BC3B421269BEC37009C0B16 /* ViewController.swift in Sources */,
				5BA92E6D26A3A35300CF6E6A /* Shadow.swift in Sources */,
				5BAA86C526A92CF0003D4E48 /* OnBoardingContainerViewController.swift in Sources */,
				5BAA86C826A9344F003D4E48 /* OnBoardingViewController.swift in Sources */,
				5B7AEA4126AC86D700F21003 /* OnBoardingStepsViewController.swift in Sources */,
				5BC3B41D269BEC37009C0B16 /* AppDelegate.swift in Sources */,
				5B25566A26B7590F000B4C13 /* TransactionsViewController.swift in Sources */,
				5BC3B41F269BEC37009C0B16 /* SceneDelegate.swift in Sources */,
			);
			runOnlyForDeploymentPostprocessing = 0;
		};
		5BC3B42B269BEC39009C0B16 /* Sources */ = {
			isa = PBXSourcesBuildPhase;
			buildActionMask = 2147483647;
			files = (
				5BC3B434269BEC39009C0B16 /* myWalletTests.swift in Sources */,
			);
			runOnlyForDeploymentPostprocessing = 0;
		};
		5BC3B436269BEC39009C0B16 /* Sources */ = {
			isa = PBXSourcesBuildPhase;
			buildActionMask = 2147483647;
			files = (
				5BC3B43F269BEC39009C0B16 /* myWalletUITests.swift in Sources */,
			);
			runOnlyForDeploymentPostprocessing = 0;
		};
/* End PBXSourcesBuildPhase section */

/* Begin PBXTargetDependency section */
		5BC3B431269BEC39009C0B16 /* PBXTargetDependency */ = {
			isa = PBXTargetDependency;
			target = 5BC3B418269BEC37009C0B16 /* myWallet */;
			targetProxy = 5BC3B430269BEC39009C0B16 /* PBXContainerItemProxy */;
		};
		5BC3B43C269BEC39009C0B16 /* PBXTargetDependency */ = {
			isa = PBXTargetDependency;
			target = 5BC3B418269BEC37009C0B16 /* myWallet */;
			targetProxy = 5BC3B43B269BEC39009C0B16 /* PBXContainerItemProxy */;
		};
/* End PBXTargetDependency section */

/* Begin PBXVariantGroup section */
		5BC3B422269BEC37009C0B16 /* Main.storyboard */ = {
			isa = PBXVariantGroup;
			children = (
				5BC3B423269BEC37009C0B16 /* Base */,
			);
			name = Main.storyboard;
			sourceTree = "<group>";
		};
		5BC3B427269BEC39009C0B16 /* LaunchScreen.storyboard */ = {
			isa = PBXVariantGroup;
			children = (
				5BC3B428269BEC39009C0B16 /* Base */,
			);
			name = LaunchScreen.storyboard;
			sourceTree = "<group>";
		};
/* End PBXVariantGroup section */

/* Begin XCBuildConfiguration section */
		5BA5B205269E1AAC00FD0339 /* Debug */ = {
			isa = XCBuildConfiguration;
			buildSettings = {
				ASSETCATALOG_COMPILER_APPICON_NAME = AppIcon;
				ASSETCATALOG_COMPILER_GLOBAL_ACCENT_COLOR_NAME = AccentColor;
				CODE_SIGN_STYLE = Automatic;
				DEVELOPMENT_TEAM = CSD6BPXM52;
				INFOPLIST_FILE = "$(SRCROOT)/myWallet/Base/Production.plist";
				IPHONEOS_DEPLOYMENT_TARGET = 14.1;
				LD_RUNPATH_SEARCH_PATHS = (
					"$(inherited)",
					"@executable_path/Frameworks",
				);
				PRODUCT_BUNDLE_IDENTIFIER = com.myWallet;
				PRODUCT_NAME = "$(TARGET_NAME)";
				SWIFT_VERSION = 5.0;
				TARGETED_DEVICE_FAMILY = "1,2";
			};
			name = Debug;
		};
		5BA5B206269E1AAC00FD0339 /* Release */ = {
			isa = XCBuildConfiguration;
			buildSettings = {
				ASSETCATALOG_COMPILER_APPICON_NAME = AppIcon;
				ASSETCATALOG_COMPILER_GLOBAL_ACCENT_COLOR_NAME = AccentColor;
				CODE_SIGN_STYLE = Automatic;
				DEVELOPMENT_TEAM = CSD6BPXM52;
				INFOPLIST_FILE = "$(SRCROOT)/myWallet/Base/Production.plist";
				IPHONEOS_DEPLOYMENT_TARGET = 14.1;
				LD_RUNPATH_SEARCH_PATHS = (
					"$(inherited)",
					"@executable_path/Frameworks",
				);
				PRODUCT_BUNDLE_IDENTIFIER = com.myWallet;
				PRODUCT_NAME = "$(TARGET_NAME)";
				SWIFT_VERSION = 5.0;
				TARGETED_DEVICE_FAMILY = "1,2";
			};
			name = Release;
		};
		5BC3B441269BEC39009C0B16 /* Debug */ = {
			isa = XCBuildConfiguration;
			buildSettings = {
				ALWAYS_SEARCH_USER_PATHS = NO;
				CLANG_ANALYZER_NONNULL = YES;
				CLANG_ANALYZER_NUMBER_OBJECT_CONVERSION = YES_AGGRESSIVE;
				CLANG_CXX_LANGUAGE_STANDARD = "gnu++14";
				CLANG_CXX_LIBRARY = "libc++";
				CLANG_ENABLE_MODULES = YES;
				CLANG_ENABLE_OBJC_ARC = YES;
				CLANG_ENABLE_OBJC_WEAK = YES;
				CLANG_WARN_BLOCK_CAPTURE_AUTORELEASING = YES;
				CLANG_WARN_BOOL_CONVERSION = YES;
				CLANG_WARN_COMMA = YES;
				CLANG_WARN_CONSTANT_CONVERSION = YES;
				CLANG_WARN_DEPRECATED_OBJC_IMPLEMENTATIONS = YES;
				CLANG_WARN_DIRECT_OBJC_ISA_USAGE = YES_ERROR;
				CLANG_WARN_DOCUMENTATION_COMMENTS = YES;
				CLANG_WARN_EMPTY_BODY = YES;
				CLANG_WARN_ENUM_CONVERSION = YES;
				CLANG_WARN_INFINITE_RECURSION = YES;
				CLANG_WARN_INT_CONVERSION = YES;
				CLANG_WARN_NON_LITERAL_NULL_CONVERSION = YES;
				CLANG_WARN_OBJC_IMPLICIT_RETAIN_SELF = YES;
				CLANG_WARN_OBJC_LITERAL_CONVERSION = YES;
				CLANG_WARN_OBJC_ROOT_CLASS = YES_ERROR;
				CLANG_WARN_QUOTED_INCLUDE_IN_FRAMEWORK_HEADER = YES;
				CLANG_WARN_RANGE_LOOP_ANALYSIS = YES;
				CLANG_WARN_STRICT_PROTOTYPES = YES;
				CLANG_WARN_SUSPICIOUS_MOVE = YES;
				CLANG_WARN_UNGUARDED_AVAILABILITY = YES_AGGRESSIVE;
				CLANG_WARN_UNREACHABLE_CODE = YES;
				CLANG_WARN__DUPLICATE_METHOD_MATCH = YES;
				COPY_PHASE_STRIP = NO;
				DEBUG_INFORMATION_FORMAT = dwarf;
				ENABLE_STRICT_OBJC_MSGSEND = YES;
				ENABLE_TESTABILITY = YES;
				GCC_C_LANGUAGE_STANDARD = gnu11;
				GCC_DYNAMIC_NO_PIC = NO;
				GCC_NO_COMMON_BLOCKS = YES;
				GCC_OPTIMIZATION_LEVEL = 0;
				GCC_PREPROCESSOR_DEFINITIONS = (
					"DEBUG=1",
					"$(inherited)",
				);
				GCC_WARN_64_TO_32_BIT_CONVERSION = YES;
				GCC_WARN_ABOUT_RETURN_TYPE = YES_ERROR;
				GCC_WARN_UNDECLARED_SELECTOR = YES;
				GCC_WARN_UNINITIALIZED_AUTOS = YES_AGGRESSIVE;
				GCC_WARN_UNUSED_FUNCTION = YES;
				GCC_WARN_UNUSED_VARIABLE = YES;
				IPHONEOS_DEPLOYMENT_TARGET = 14.5;
				MTL_ENABLE_DEBUG_INFO = INCLUDE_SOURCE;
				MTL_FAST_MATH = YES;
				ONLY_ACTIVE_ARCH = YES;
				SDKROOT = iphoneos;
				SWIFT_ACTIVE_COMPILATION_CONDITIONS = DEBUG;
				SWIFT_OPTIMIZATION_LEVEL = "-Onone";
			};
			name = Debug;
		};
		5BC3B442269BEC39009C0B16 /* Release */ = {
			isa = XCBuildConfiguration;
			buildSettings = {
				ALWAYS_SEARCH_USER_PATHS = NO;
				CLANG_ANALYZER_NONNULL = YES;
				CLANG_ANALYZER_NUMBER_OBJECT_CONVERSION = YES_AGGRESSIVE;
				CLANG_CXX_LANGUAGE_STANDARD = "gnu++14";
				CLANG_CXX_LIBRARY = "libc++";
				CLANG_ENABLE_MODULES = YES;
				CLANG_ENABLE_OBJC_ARC = YES;
				CLANG_ENABLE_OBJC_WEAK = YES;
				CLANG_WARN_BLOCK_CAPTURE_AUTORELEASING = YES;
				CLANG_WARN_BOOL_CONVERSION = YES;
				CLANG_WARN_COMMA = YES;
				CLANG_WARN_CONSTANT_CONVERSION = YES;
				CLANG_WARN_DEPRECATED_OBJC_IMPLEMENTATIONS = YES;
				CLANG_WARN_DIRECT_OBJC_ISA_USAGE = YES_ERROR;
				CLANG_WARN_DOCUMENTATION_COMMENTS = YES;
				CLANG_WARN_EMPTY_BODY = YES;
				CLANG_WARN_ENUM_CONVERSION = YES;
				CLANG_WARN_INFINITE_RECURSION = YES;
				CLANG_WARN_INT_CONVERSION = YES;
				CLANG_WARN_NON_LITERAL_NULL_CONVERSION = YES;
				CLANG_WARN_OBJC_IMPLICIT_RETAIN_SELF = YES;
				CLANG_WARN_OBJC_LITERAL_CONVERSION = YES;
				CLANG_WARN_OBJC_ROOT_CLASS = YES_ERROR;
				CLANG_WARN_QUOTED_INCLUDE_IN_FRAMEWORK_HEADER = YES;
				CLANG_WARN_RANGE_LOOP_ANALYSIS = YES;
				CLANG_WARN_STRICT_PROTOTYPES = YES;
				CLANG_WARN_SUSPICIOUS_MOVE = YES;
				CLANG_WARN_UNGUARDED_AVAILABILITY = YES_AGGRESSIVE;
				CLANG_WARN_UNREACHABLE_CODE = YES;
				CLANG_WARN__DUPLICATE_METHOD_MATCH = YES;
				COPY_PHASE_STRIP = NO;
				DEBUG_INFORMATION_FORMAT = "dwarf-with-dsym";
				ENABLE_NS_ASSERTIONS = NO;
				ENABLE_STRICT_OBJC_MSGSEND = YES;
				GCC_C_LANGUAGE_STANDARD = gnu11;
				GCC_NO_COMMON_BLOCKS = YES;
				GCC_WARN_64_TO_32_BIT_CONVERSION = YES;
				GCC_WARN_ABOUT_RETURN_TYPE = YES_ERROR;
				GCC_WARN_UNDECLARED_SELECTOR = YES;
				GCC_WARN_UNINITIALIZED_AUTOS = YES_AGGRESSIVE;
				GCC_WARN_UNUSED_FUNCTION = YES;
				GCC_WARN_UNUSED_VARIABLE = YES;
				IPHONEOS_DEPLOYMENT_TARGET = 14.5;
				MTL_ENABLE_DEBUG_INFO = NO;
				MTL_FAST_MATH = YES;
				SDKROOT = iphoneos;
				SWIFT_COMPILATION_MODE = wholemodule;
				SWIFT_OPTIMIZATION_LEVEL = "-O";
				VALIDATE_PRODUCT = YES;
			};
			name = Release;
		};
		5BC3B444269BEC39009C0B16 /* Debug */ = {
			isa = XCBuildConfiguration;
			buildSettings = {
				ASSETCATALOG_COMPILER_APPICON_NAME = AppIcon;
				ASSETCATALOG_COMPILER_GLOBAL_ACCENT_COLOR_NAME = AccentColor;
				CODE_SIGN_STYLE = Automatic;
				DEVELOPMENT_TEAM = CSD6BPXM52;
				INFOPLIST_FILE = "$(SRCROOT)/myWallet/Base/Info.plist";
				IPHONEOS_DEPLOYMENT_TARGET = 14.1;
				LD_RUNPATH_SEARCH_PATHS = (
					"$(inherited)",
					"@executable_path/Frameworks",
				);
				PRODUCT_BUNDLE_IDENTIFIER = com.myWallet;
				PRODUCT_NAME = "$(TARGET_NAME)";
				SWIFT_VERSION = 5.0;
				TARGETED_DEVICE_FAMILY = "1,2";
			};
			name = Debug;
		};
		5BC3B445269BEC39009C0B16 /* Release */ = {
			isa = XCBuildConfiguration;
			buildSettings = {
				ASSETCATALOG_COMPILER_APPICON_NAME = AppIcon;
				ASSETCATALOG_COMPILER_GLOBAL_ACCENT_COLOR_NAME = AccentColor;
				CODE_SIGN_STYLE = Automatic;
				DEVELOPMENT_TEAM = CSD6BPXM52;
				INFOPLIST_FILE = "$(SRCROOT)/myWallet/Base/Info.plist";
				IPHONEOS_DEPLOYMENT_TARGET = 14.1;
				LD_RUNPATH_SEARCH_PATHS = (
					"$(inherited)",
					"@executable_path/Frameworks",
				);
				PRODUCT_BUNDLE_IDENTIFIER = com.myWallet;
				PRODUCT_NAME = "$(TARGET_NAME)";
				SWIFT_VERSION = 5.0;
				TARGETED_DEVICE_FAMILY = "1,2";
			};
			name = Release;
		};
		5BC3B447269BEC39009C0B16 /* Debug */ = {
			isa = XCBuildConfiguration;
			buildSettings = {
				ALWAYS_EMBED_SWIFT_STANDARD_LIBRARIES = YES;
				BUNDLE_LOADER = "$(TEST_HOST)";
				CODE_SIGN_STYLE = Automatic;
				DEVELOPMENT_TEAM = CSD6BPXM52;
				INFOPLIST_FILE = myWalletTests/Info.plist;
				IPHONEOS_DEPLOYMENT_TARGET = 14.5;
				LD_RUNPATH_SEARCH_PATHS = (
					"$(inherited)",
					"@executable_path/Frameworks",
					"@loader_path/Frameworks",
				);
				PRODUCT_BUNDLE_IDENTIFIER = "David-Avendano-Jr..myWalletTests";
				PRODUCT_NAME = "$(TARGET_NAME)";
				SWIFT_VERSION = 5.0;
				TARGETED_DEVICE_FAMILY = "1,2";
				TEST_HOST = "$(BUILT_PRODUCTS_DIR)/myWallet.app/myWallet";
			};
			name = Debug;
		};
		5BC3B448269BEC39009C0B16 /* Release */ = {
			isa = XCBuildConfiguration;
			buildSettings = {
				ALWAYS_EMBED_SWIFT_STANDARD_LIBRARIES = YES;
				BUNDLE_LOADER = "$(TEST_HOST)";
				CODE_SIGN_STYLE = Automatic;
				DEVELOPMENT_TEAM = CSD6BPXM52;
				INFOPLIST_FILE = myWalletTests/Info.plist;
				IPHONEOS_DEPLOYMENT_TARGET = 14.5;
				LD_RUNPATH_SEARCH_PATHS = (
					"$(inherited)",
					"@executable_path/Frameworks",
					"@loader_path/Frameworks",
				);
				PRODUCT_BUNDLE_IDENTIFIER = "David-Avendano-Jr..myWalletTests";
				PRODUCT_NAME = "$(TARGET_NAME)";
				SWIFT_VERSION = 5.0;
				TARGETED_DEVICE_FAMILY = "1,2";
				TEST_HOST = "$(BUILT_PRODUCTS_DIR)/myWallet.app/myWallet";
			};
			name = Release;
		};
		5BC3B44A269BEC39009C0B16 /* Debug */ = {
			isa = XCBuildConfiguration;
			buildSettings = {
				ALWAYS_EMBED_SWIFT_STANDARD_LIBRARIES = YES;
				CODE_SIGN_STYLE = Automatic;
				DEVELOPMENT_TEAM = CSD6BPXM52;
				INFOPLIST_FILE = myWalletUITests/Info.plist;
				LD_RUNPATH_SEARCH_PATHS = (
					"$(inherited)",
					"@executable_path/Frameworks",
					"@loader_path/Frameworks",
				);
				PRODUCT_BUNDLE_IDENTIFIER = "David-Avendano-Jr..myWalletUITests";
				PRODUCT_NAME = "$(TARGET_NAME)";
				SWIFT_VERSION = 5.0;
				TARGETED_DEVICE_FAMILY = "1,2";
				TEST_TARGET_NAME = myWallet;
			};
			name = Debug;
		};
		5BC3B44B269BEC39009C0B16 /* Release */ = {
			isa = XCBuildConfiguration;
			buildSettings = {
				ALWAYS_EMBED_SWIFT_STANDARD_LIBRARIES = YES;
				CODE_SIGN_STYLE = Automatic;
				DEVELOPMENT_TEAM = CSD6BPXM52;
				INFOPLIST_FILE = myWalletUITests/Info.plist;
				LD_RUNPATH_SEARCH_PATHS = (
					"$(inherited)",
					"@executable_path/Frameworks",
					"@loader_path/Frameworks",
				);
				PRODUCT_BUNDLE_IDENTIFIER = "David-Avendano-Jr..myWalletUITests";
				PRODUCT_NAME = "$(TARGET_NAME)";
				SWIFT_VERSION = 5.0;
				TARGETED_DEVICE_FAMILY = "1,2";
				TEST_TARGET_NAME = myWallet;
			};
			name = Release;
		};
/* End XCBuildConfiguration section */

/* Begin XCConfigurationList section */
		5BA5B204269E1AAC00FD0339 /* Build configuration list for PBXNativeTarget "Production" */ = {
			isa = XCConfigurationList;
			buildConfigurations = (
				5BA5B205269E1AAC00FD0339 /* Debug */,
				5BA5B206269E1AAC00FD0339 /* Release */,
			);
			defaultConfigurationIsVisible = 0;
			defaultConfigurationName = Release;
		};
		5BC3B414269BEC37009C0B16 /* Build configuration list for PBXProject "myWallet" */ = {
			isa = XCConfigurationList;
			buildConfigurations = (
				5BC3B441269BEC39009C0B16 /* Debug */,
				5BC3B442269BEC39009C0B16 /* Release */,
			);
			defaultConfigurationIsVisible = 0;
			defaultConfigurationName = Release;
		};
		5BC3B443269BEC39009C0B16 /* Build configuration list for PBXNativeTarget "myWallet" */ = {
			isa = XCConfigurationList;
			buildConfigurations = (
				5BC3B444269BEC39009C0B16 /* Debug */,
				5BC3B445269BEC39009C0B16 /* Release */,
			);
			defaultConfigurationIsVisible = 0;
			defaultConfigurationName = Release;
		};
		5BC3B446269BEC39009C0B16 /* Build configuration list for PBXNativeTarget "myWalletTests" */ = {
			isa = XCConfigurationList;
			buildConfigurations = (
				5BC3B447269BEC39009C0B16 /* Debug */,
				5BC3B448269BEC39009C0B16 /* Release */,
			);
			defaultConfigurationIsVisible = 0;
			defaultConfigurationName = Release;
		};
		5BC3B449269BEC39009C0B16 /* Build configuration list for PBXNativeTarget "myWalletUITests" */ = {
			isa = XCConfigurationList;
			buildConfigurations = (
				5BC3B44A269BEC39009C0B16 /* Debug */,
				5BC3B44B269BEC39009C0B16 /* Release */,
			);
			defaultConfigurationIsVisible = 0;
			defaultConfigurationName = Release;
		};
/* End XCConfigurationList section */
	};
	rootObject = 5BC3B411269BEC37009C0B16 /* Project object */;
}
